
Microsoft Visual Studio Solution File, Format Version 12.00
# Visual Studio 15
VisualStudioVersion = 15.0.27004.2008
MinimumVisualStudioVersion = 10.0.40219.1
Project("{FAE04EC0-301F-11D3-BF4B-00C04F79EFBC}") = "LikeLionQuestionCrawl", "LikeLionQuestionCrawl\LikeLionQuestionCrawl.csproj", "{08F4393F-1CE1-4380-B035-133A6C8E826D}"
EndProject
Global
	GlobalSection(SolutionConfigurationPlatforms) = preSolution
		Debug|Any CPU = Debug|Any CPU
		Release|Any CPU = Release|Any CPU
	EndGlobalSection
	GlobalSection(ProjectConfigurationPlatforms) = postSolution
		{08F4393F-1CE1-4380-B035-133A6C8E826D}.Debug|Any CPU.ActiveCfg = Debug|Any CPU
		{08F4393F-1CE1-4380-B035-133A6C8E826D}.Debug|Any CPU.Build.0 = Debug|Any CPU
		{08F4393F-1CE1-4380-B035-133A6C8E826D}.Release|Any CPU.ActiveCfg = Release|Any CPU
		{08F4393F-1CE1-4380-B035-133A6C8E826D}.Release|Any CPU.Build.0 = Release|Any CPU
	EndGlobalSection
	GlobalSection(SolutionProperties) = preSolution
		HideSolutionNode = FALSE
	EndGlobalSection
	GlobalSection(ExtensibilityGlobals) = postSolution
		SolutionGuid = {234A2267-C609-46C0-82AE-7C6523F2185E}
	EndGlobalSection
EndGlobal
